PODS:
  - FoundationX (0.1.2)
  - TestPod (0.1.0):
    - FoundationX (~> 0.1.2)

DEPENDENCIES:
  - TestPod (from `../`)

SPEC REPOS:
  https://github.com/CocoaPods/Specs.git:
    - FoundationX

EXTERNAL SOURCES:
  TestPod:
    :path: "../"

SPEC CHECKSUMS:
  FoundationX: 1b6419aacbbae24cec08f7c7bcb336e45d72997b
  TestPod: 17274cac00d900016dfe667728117c091719ea1f

PODFILE CHECKSUM: ff95a51ebe639764563b800d286181a6832b59bd

COCOAPODS: 1.12.0
